
Microsoft Visual Studio Solution File, Format Version 12.00
# Visual Studio Version 17
VisualStudioVersion = 17.13.35931.197
MinimumVisualStudioVersion = 10.0.40219.1
Project("{FAE04EC0-301F-11D3-BF4B-00C04F79EFBC}") = "WebApiApp01", "WebApiApp01\WebApiApp01.csproj", "{A559CE0E-79A6-4612-AF00-D14FB74C3E12}"
EndProject
Project("{FAE04EC0-301F-11D3-BF4B-00C04F79EFBC}") = "WpfTodoListApp", "WpfTodoListApp\WpfTodoListApp.csproj", "{3DB09F4E-D8FE-4E8D-8237-76ECAC84DFEA}"
EndProject
Global
	GlobalSection(SolutionConfigurationPlatforms) = preSolution
		Debug|Any CPU = Debug|Any CPU
		Release|Any CPU = Release|Any CPU
	EndGlobalSection
	GlobalSection(ProjectConfigurationPlatforms) = postSolution
		{A559CE0E-79A6-4612-AF00-D14FB74C3E12}.Debug|Any CPU.ActiveCfg = Debug|Any CPU
		{A559CE0E-79A6-4612-AF00-D14FB74C3E12}.Debug|Any CPU.Build.0 = Debug|Any CPU
		{A559CE0E-79A6-4612-AF00-D14FB74C3E12}.Release|Any CPU.ActiveCfg = Release|Any CPU
		{A559CE0E-79A6-4612-AF00-D14FB74C3E12}.Release|Any CPU.Build.0 = Release|Any CPU
		{3DB09F4E-D8FE-4E8D-8237-76ECAC84DFEA}.Debug|Any CPU.ActiveCfg = Debug|Any CPU
		{3DB09F4E-D8FE-4E8D-8237-76ECAC84DFEA}.Debug|Any CPU.Build.0 = Debug|Any CPU
		{3DB09F4E-D8FE-4E8D-8237-76ECAC84DFEA}.Release|Any CPU.ActiveCfg = Release|Any CPU
		{3DB09F4E-D8FE-4E8D-8237-76ECAC84DFEA}.Release|Any CPU.Build.0 = Release|Any CPU
	EndGlobalSection
	GlobalSection(SolutionProperties) = preSolution
		HideSolutionNode = FALSE
	EndGlobalSection
	GlobalSection(ExtensibilityGlobals) = postSolution
		SolutionGuid = {C4C4F92D-1503-4353-8F85-431B0123D012}
	EndGlobalSection
EndGlobal
